
Microsoft Visual Studio Solution File, Format Version 12.00
Project("{FAE04EC0-301F-11D3-BF4B-00C04F79EFBC}") = "ChatApp", "ChatApp\ChatApp.csproj", "{444F33AC-7895-4DDD-9499-A8699D452A25}"
EndProject
Global
	GlobalSection(SolutionConfigurationPlatforms) = preSolution
		Debug|Any CPU = Debug|Any CPU
		Release|Any CPU = Release|Any CPU
	EndGlobalSection
	GlobalSection(ProjectConfigurationPlatforms) = postSolution
		{444F33AC-7895-4DDD-9499-A8699D452A25}.Debug|Any CPU.ActiveCfg = Debug|Any CPU
		{444F33AC-7895-4DDD-9499-A8699D452A25}.Debug|Any CPU.Build.0 = Debug|Any CPU
		{444F33AC-7895-4DDD-9499-A8699D452A25}.Release|Any CPU.ActiveCfg = Release|Any CPU
		{444F33AC-7895-4DDD-9499-A8699D452A25}.Release|Any CPU.Build.0 = Release|Any CPU
	EndGlobalSection
EndGlobal
